
Microsoft Visual Studio Solution File, Format Version 12.00
# Visual Studio Version 17
VisualStudioVersion = 17.14.37012.4 d17.14
MinimumVisualStudioVersion = 10.0.40219.1
Project("{FAE04EC0-301F-11D3-BF4B-00C04F79EFBC}") = "Where-Is-My-Stuff", "Where-Is-My-Stuff.csproj", "{F4259867-BAEA-44C7-86BA-3495F9C418EB}"
EndProject
Global
	GlobalSection(SolutionConfigurationPlatforms) = preSolution
		Debug|Any CPU = Debug|Any CPU
		Release|Any CPU = Release|Any CPU
	EndGlobalSection
	GlobalSection(ProjectConfigurationPlatforms) = postSolution
		{F4259867-BAEA-44C7-86BA-3495F9C418EB}.Debug|Any CPU.ActiveCfg = Debug|Any CPU
		{F4259867-BAEA-44C7-86BA-3495F9C418EB}.Debug|Any CPU.Build.0 = Debug|Any CPU
		{F4259867-BAEA-44C7-86BA-3495F9C418EB}.Release|Any CPU.ActiveCfg = Release|Any CPU
		{F4259867-BAEA-44C7-86BA-3495F9C418EB}.Release|Any CPU.Build.0 = Release|Any CPU
	EndGlobalSection
	GlobalSection(SolutionProperties) = preSolution
		HideSolutionNode = FALSE
	EndGlobalSection
	GlobalSection(ExtensibilityGlobals) = postSolution
		SolutionGuid = {87F1EA4E-D3A1-4A5D-BF0F-D2DC312B9FC2}
	EndGlobalSection
EndGlobal
